
Microsoft Visual Studio Solution File, Format Version 12.00
# Visual Studio 15
VisualStudioVersion = 15.0.27004.2009
MinimumVisualStudioVersion = 10.0.40219.1
Project("{9A19103F-16F7-4668-BE54-9A1E7A4F7556}") = "FCA_Recommender_System", "FCA_Recommender_System\FCA_Recommender_System.csproj", "{ED6EB4EE-7DEA-42FD-9A68-21EC0374C357}"
EndProject
Project("{9A19103F-16F7-4668-BE54-9A1E7A4F7556}") = "StorageService", "StorageService\StorageService.csproj", "{048F0A7A-C5F4-448F-9167-58511C0BB80C}"
EndProject
Project("{9A19103F-16F7-4668-BE54-9A1E7A4F7556}") = "SPARQLConnector", "SPARQLConnector\SPARQLConnector.csproj", "{78F1FC65-D5C5-4E4F-9503-7495BF392652}"
EndProject
Project("{9A19103F-16F7-4668-BE54-9A1E7A4F7556}") = "RecommenderEngine", "RecommenderEngine\RecommenderEngine.csproj", "{3E0EDD00-2A51-40A2-87BE-333CC2402935}"
EndProject
Project("{FAE04EC0-301F-11D3-BF4B-00C04F79EFBC}") = "FCAA", "FCAA\FCAA.csproj", "{737176A7-02C4-484B-8E59-37C1B35EFC1B}"
EndProject
Project("{FAE04EC0-301F-11D3-BF4B-00C04F79EFBC}") = "Neo4jFCA", "Neo4jFCA\Neo4jFCA.csproj", "{986C9EB6-D909-484B-BC00-47B435A17ADA}"
EndProject
Global
	GlobalSection(SolutionConfigurationPlatforms) = preSolution
		Debug|Any CPU = Debug|Any CPU
		Debug|x86 = Debug|x86
		Release|Any CPU = Release|Any CPU
		Release|x86 = Release|x86
	EndGlobalSection
	GlobalSection(ProjectConfigurationPlatforms) = postSolution
		{ED6EB4EE-7DEA-42FD-9A68-21EC0374C357}.Debug|Any CPU.ActiveCfg = Debug|Any CPU
		{ED6EB4EE-7DEA-42FD-9A68-21EC0374C357}.Debug|Any CPU.Build.0 = Debug|Any CPU
		{ED6EB4EE-7DEA-42FD-9A68-21EC0374C357}.Debug|x86.ActiveCfg = Debug|Any CPU
		{ED6EB4EE-7DEA-42FD-9A68-21EC0374C357}.Debug|x86.Build.0 = Debug|Any CPU
		{ED6EB4EE-7DEA-42FD-9A68-21EC0374C357}.Release|Any CPU.ActiveCfg = Release|Any CPU
		{ED6EB4EE-7DEA-42FD-9A68-21EC0374C357}.Release|Any CPU.Build.0 = Release|Any CPU
		{ED6EB4EE-7DEA-42FD-9A68-21EC0374C357}.Release|x86.ActiveCfg = Release|Any CPU
		{ED6EB4EE-7DEA-42FD-9A68-21EC0374C357}.Release|x86.Build.0 = Release|Any CPU
		{048F0A7A-C5F4-448F-9167-58511C0BB80C}.Debug|Any CPU.ActiveCfg = Debug|Any CPU
		{048F0A7A-C5F4-448F-9167-58511C0BB80C}.Debug|Any CPU.Build.0 = Debug|Any CPU
		{048F0A7A-C5F4-448F-9167-58511C0BB80C}.Debug|x86.ActiveCfg = Debug|Any CPU
		{048F0A7A-C5F4-448F-9167-58511C0BB80C}.Debug|x86.Build.0 = Debug|Any CPU
		{048F0A7A-C5F4-448F-9167-58511C0BB80C}.Release|Any CPU.ActiveCfg = Release|Any CPU
		{048F0A7A-C5F4-448F-9167-58511C0BB80C}.Release|Any CPU.Build.0 = Release|Any CPU
		{048F0A7A-C5F4-448F-9167-58511C0BB80C}.Release|x86.ActiveCfg = Release|Any CPU
		{048F0A7A-C5F4-448F-9167-58511C0BB80C}.Release|x86.Build.0 = Release|Any CPU
		{78F1FC65-D5C5-4E4F-9503-7495BF392652}.Debug|Any CPU.ActiveCfg = Debug|Any CPU
		{78F1FC65-D5C5-4E4F-9503-7495BF392652}.Debug|Any CPU.Build.0 = Debug|Any CPU
		{78F1FC65-D5C5-4E4F-9503-7495BF392652}.Debug|x86.ActiveCfg = Debug|Any CPU
		{78F1FC65-D5C5-4E4F-9503-7495BF392652}.Debug|x86.Build.0 = Debug|Any CPU
		{78F1FC65-D5C5-4E4F-9503-7495BF392652}.Release|Any CPU.ActiveCfg = Release|Any CPU
		{78F1FC65-D5C5-4E4F-9503-7495BF392652}.Release|Any CPU.Build.0 = Release|Any CPU
		{78F1FC65-D5C5-4E4F-9503-7495BF392652}.Release|x86.ActiveCfg = Release|Any CPU
		{78F1FC65-D5C5-4E4F-9503-7495BF392652}.Release|x86.Build.0 = Release|Any CPU
		{3E0EDD00-2A51-40A2-87BE-333CC2402935}.Debug|Any CPU.ActiveCfg = Debug|Any CPU
		{3E0EDD00-2A51-40A2-87BE-333CC2402935}.Debug|Any CPU.Build.0 = Debug|Any CPU
		{3E0EDD00-2A51-40A2-87BE-333CC2402935}.Debug|x86.ActiveCfg = Debug|Any CPU
		{3E0EDD00-2A51-40A2-87BE-333CC2402935}.Debug|x86.Build.0 = Debug|Any CPU
		{3E0EDD00-2A51-40A2-87BE-333CC2402935}.Release|Any CPU.ActiveCfg = Release|Any CPU
		{3E0EDD00-2A51-40A2-87BE-333CC2402935}.Release|Any CPU.Build.0 = Release|Any CPU
		{3E0EDD00-2A51-40A2-87BE-333CC2402935}.Release|x86.ActiveCfg = Release|Any CPU
		{3E0EDD00-2A51-40A2-87BE-333CC2402935}.Release|x86.Build.0 = Release|Any CPU
		{737176A7-02C4-484B-8E59-37C1B35EFC1B}.Debug|Any CPU.ActiveCfg = Debug|Any CPU
		{737176A7-02C4-484B-8E59-37C1B35EFC1B}.Debug|Any CPU.Build.0 = Debug|Any CPU
		{737176A7-02C4-484B-8E59-37C1B35EFC1B}.Debug|x86.ActiveCfg = Debug|Any CPU
		{737176A7-02C4-484B-8E59-37C1B35EFC1B}.Debug|x86.Build.0 = Debug|Any CPU
		{737176A7-02C4-484B-8E59-37C1B35EFC1B}.Release|Any CPU.ActiveCfg = Release|Any CPU
		{737176A7-02C4-484B-8E59-37C1B35EFC1B}.Release|Any CPU.Build.0 = Release|Any CPU
		{737176A7-02C4-484B-8E59-37C1B35EFC1B}.Release|x86.ActiveCfg = Release|Any CPU
		{737176A7-02C4-484B-8E59-37C1B35EFC1B}.Release|x86.Build.0 = Release|Any CPU
		{986C9EB6-D909-484B-BC00-47B435A17ADA}.Debug|Any CPU.ActiveCfg = Debug|Any CPU
		{986C9EB6-D909-484B-BC00-47B435A17ADA}.Debug|Any CPU.Build.0 = Debug|Any CPU
		{986C9EB6-D909-484B-BC00-47B435A17ADA}.Debug|x86.ActiveCfg = Debug|Any CPU
		{986C9EB6-D909-484B-BC00-47B435A17ADA}.Debug|x86.Build.0 = Debug|Any CPU
		{986C9EB6-D909-484B-BC00-47B435A17ADA}.Release|Any CPU.ActiveCfg = Release|Any CPU
		{986C9EB6-D909-484B-BC00-47B435A17ADA}.Release|Any CPU.Build.0 = Release|Any CPU
		{986C9EB6-D909-484B-BC00-47B435A17ADA}.Release|x86.ActiveCfg = Release|Any CPU
		{986C9EB6-D909-484B-BC00-47B435A17ADA}.Release|x86.Build.0 = Release|Any CPU
	EndGlobalSection
	GlobalSection(SolutionProperties) = preSolution
		HideSolutionNode = FALSE
	EndGlobalSection
	GlobalSection(ExtensibilityGlobals) = postSolution
		SolutionGuid = {F41AD745-403B-4A41-BA7F-75B9D9439D1C}
	EndGlobalSection
EndGlobal
